// !$*UTF8*$!
{
	archiveVersion = 1;
	classes = {
	};
	objectVersion = 55;
	objects = {

/* Begin PBXBuildFile section */
		198174962757CF390025F5EB /* RandomListModel.swift in Sources */ = {isa = PBXBuildFile; fileRef = 198174952757CF390025F5EB /* RandomListModel.swift */; };
		198174982757D7050025F5EB /* RandomListStore.swift in Sources */ = {isa = PBXBuildFile; fileRef = 198174972757D7050025F5EB /* RandomListStore.swift */; };
		1981749A2757D8140025F5EB /* RandomListScreen.swift in Sources */ = {isa = PBXBuildFile; fileRef = 198174992757D8140025F5EB /* RandomListScreen.swift */; };
		1981749D2757DE1E0025F5EB /* File.swift in Sources */ = {isa = PBXBuildFile; fileRef = 1981749C2757DE1E0025F5EB /* File.swift */; };
		1981749F2757E0920025F5EB /* GameStore.swift in Sources */ = {isa = PBXBuildFile; fileRef = 1981749E2757E0920025F5EB /* GameStore.swift */; };
		198174A12757E21D0025F5EB /* GameStoreScreen.swift in Sources */ = {isa = PBXBuildFile; fileRef = 198174A02757E21D0025F5EB /* GameStoreScreen.swift */; };
		19D7999B2755768D00A5F72D /* TodoAppApp.swift in Sources */ = {isa = PBXBuildFile; fileRef = 19D7999A2755768D00A5F72D /* TodoAppApp.swift */; };
		19D7999D2755768D00A5F72D /* ContentView.swift in Sources */ = {isa = PBXBuildFile; fileRef = 19D7999C2755768D00A5F72D /* ContentView.swift */; };
		19D7999F2755768E00A5F72D /* Assets.xcassets in Resources */ = {isa = PBXBuildFile; fileRef = 19D7999E2755768E00A5F72D /* Assets.xcassets */; };
		19D799A22755768E00A5F72D /* Preview Assets.xcassets in Resources */ = {isa = PBXBuildFile; fileRef = 19D799A12755768E00A5F72D /* Preview Assets.xcassets */; };
		19D799AC2755770C00A5F72D /* ToDoStore.swift in Sources */ = {isa = PBXBuildFile; fileRef = 19D799AB2755770C00A5F72D /* ToDoStore.swift */; };
		19D799AE2755779900A5F72D /* ToDoModel.swift in Sources */ = {isa = PBXBuildFile; fileRef = 19D799AD2755779900A5F72D /* ToDoModel.swift */; };
		19D799B0275577EA00A5F72D /* ToDoMain.swift in Sources */ = {isa = PBXBuildFile; fileRef = 19D799AF275577EA00A5F72D /* ToDoMain.swift */; };
		19D799B22755782400A5F72D /* ToDoList.swift in Sources */ = {isa = PBXBuildFile; fileRef = 19D799B12755782400A5F72D /* ToDoList.swift */; };
		19D799B42755787600A5F72D /* AddToDo.swift in Sources */ = {isa = PBXBuildFile; fileRef = 19D799B32755787600A5F72D /* AddToDo.swift */; };
/* End PBXBuildFile section */

/* Begin PBXFileReference section */
		198174952757CF390025F5EB /* RandomListModel.swift */ = {isa = PBXFileReference; lastKnownFileType = sourcecode.swift; path = RandomListModel.swift; sourceTree = "<group>"; };
		198174972757D7050025F5EB /* RandomListStore.swift */ = {isa = PBXFileReference; lastKnownFileType = sourcecode.swift; path = RandomListStore.swift; sourceTree = "<group>"; };
		198174992757D8140025F5EB /* RandomListScreen.swift */ = {isa = PBXFileReference; lastKnownFileType = sourcecode.swift; path = RandomListScreen.swift; sourceTree = "<group>"; };
		1981749C2757DE1E0025F5EB /* File.swift */ = {isa = PBXFileReference; lastKnownFileType = sourcecode.swift; path = File.swift; sourceTree = "<group>"; };
		1981749E2757E0920025F5EB /* GameStore.swift */ = {isa = PBXFileReference; lastKnownFileType = sourcecode.swift; path = GameStore.swift; sourceTree = "<group>"; };
		198174A02757E21D0025F5EB /* GameStoreScreen.swift */ = {isa = PBXFileReference; lastKnownFileType = sourcecode.swift; path = GameStoreScreen.swift; sourceTree = "<group>"; };
		19D799972755768D00A5F72D /* TodoApp.app */ = {isa = PBXFileReference; explicitFileType = wrapper.application; includeInIndex = 0; path = TodoApp.app; sourceTree = BUILT_PRODUCTS_DIR; };
		19D7999A2755768D00A5F72D /* TodoAppApp.swift */ = {isa = PBXFileReference; lastKnownFileType = sourcecode.swift; path = TodoAppApp.swift; sourceTree = "<group>"; };
		19D7999C2755768D00A5F72D /* ContentView.swift */ = {isa = PBXFileReference; lastKnownFileType = sourcecode.swift; path = ContentView.swift; sourceTree = "<group>"; };
		19D7999E2755768E00A5F72D /* Assets.xcassets */ = {isa = PBXFileReference; lastKnownFileType = folder.assetcatalog; path = Assets.xcassets; sourceTree = "<group>"; };
		19D799A12755768E00A5F72D /* Preview Assets.xcassets */ = {isa = PBXFileReference; lastKnownFileType = folder.assetcatalog; path = "Preview Assets.xcassets"; sourceTree = "<group>"; };
		19D799AB2755770C00A5F72D /* ToDoStore.swift */ = {isa = PBXFileReference; lastKnownFileType = sourcecode.swift; path = ToDoStore.swift; sourceTree = "<group>"; };
		19D799AD2755779900A5F72D /* ToDoModel.swift */ = {isa = PBXFileReference; lastKnownFileType = sourcecode.swift; path = ToDoModel.swift; sourceTree = "<group>"; };
		19D799AF275577EA00A5F72D /* ToDoMain.swift */ = {isa = PBXFileReference; lastKnownFileType = sourcecode.swift; path = ToDoMain.swift; sourceTree = "<group>"; };
		19D799B12755782400A5F72D /* ToDoList.swift */ = {isa = PBXFileReference; lastKnownFileType = sourcecode.swift; path = ToDoList.swift; sourceTree = "<group>"; };
		19D799B32755787600A5F72D /* AddToDo.swift */ = {isa = PBXFileReference; lastKnownFileType = sourcecode.swift; path = AddToDo.swift; sourceTree = "<group>"; };
/* End PBXFileReference section */

/* Begin PBXFrameworksBuildPhase section */
		19D799942755768D00A5F72D /* Frameworks */ = {
			isa = PBXFrameworksBuildPhase;
			buildActionMask = 2147483647;
			files = (
			);
			runOnlyForDeploymentPostprocessing = 0;
		};
/* End PBXFrameworksBuildPhase section */

/* Begin PBXGroup section */
		1981749B2757DE0D0025F5EB /* Game */ = {
			isa = PBXGroup;
			children = (
				1981749C2757DE1E0025F5EB /* File.swift */,
				1981749E2757E0920025F5EB /* GameStore.swift */,
				198174A02757E21D0025F5EB /* GameStoreScreen.swift */,
			);
			path = Game;
			sourceTree = "<group>";
		};
		19D7998E2755768D00A5F72D = {
			isa = PBXGroup;
			children = (
				19D799992755768D00A5F72D /* TodoApp */,
				19D799982755768D00A5F72D /* Products */,
			);
			sourceTree = "<group>";
		};
		19D799982755768D00A5F72D /* Products */ = {
			isa = PBXGroup;
			children = (
				19D799972755768D00A5F72D /* TodoApp.app */,
			);
			name = Products;
			sourceTree = "<group>";
		};
		19D799992755768D00A5F72D /* TodoApp */ = {
			isa = PBXGroup;
			children = (
				1981749B2757DE0D0025F5EB /* Game */,
				19D799AA275576F300A5F72D /* Models */,
				19D799A9275576E800A5F72D /* Screens */,
				19D799A8275576E100A5F72D /* Store */,
				19D7999A2755768D00A5F72D /* TodoAppApp.swift */,
				19D7999C2755768D00A5F72D /* ContentView.swift */,
				19D7999E2755768E00A5F72D /* Assets.xcassets */,
				19D799A02755768E00A5F72D /* Preview Content */,
			);
			path = TodoApp;
			sourceTree = "<group>";
		};
		19D799A02755768E00A5F72D /* Preview Content */ = {
			isa = PBXGroup;
			children = (
				19D799A12755768E00A5F72D /* Preview Assets.xcassets */,
			);
			path = "Preview Content";
			sourceTree = "<group>";
		};
		19D799A8275576E100A5F72D /* Store */ = {
			isa = PBXGroup;
			children = (
				19D799AB2755770C00A5F72D /* ToDoStore.swift */,
			);
			path = Store;
			sourceTree = "<group>";
		};
		19D799A9275576E800A5F72D /* Screens */ = {
			isa = PBXGroup;
			children = (
				19D799AF275577EA00A5F72D /* ToDoMain.swift */,
				19D799B12755782400A5F72D /* ToDoList.swift */,
				19D799B32755787600A5F72D /* AddToDo.swift */,
				198174992757D8140025F5EB /* RandomListScreen.swift */,
			);
			path = Screens;
			sourceTree = "<group>";
		};
		19D799AA275576F300A5F72D /* Models */ = {
			isa = PBXGroup;
			children = (
				19D799AD2755779900A5F72D /* ToDoModel.swift */,
				198174952757CF390025F5EB /* RandomListModel.swift */,
				198174972757D7050025F5EB /* RandomListStore.swift */,
			);
			path = Models;
			sourceTree = "<group>";
		};
/* End PBXGroup section */

/* Begin PBXNativeTarget section */
		19D799962755768D00A5F72D /* TodoApp */ = {
			isa = PBXNativeTarget;
			buildConfigurationList = 19D799A52755768E00A5F72D /* Build configuration list for PBXNativeTarget "TodoApp" */;
			buildPhases = (
				19D799932755768D00A5F72D /* Sources */,
				19D799942755768D00A5F72D /* Frameworks */,
				19D799952755768D00A5F72D /* Resources */,
			);
			buildRules = (
			);
			dependencies = (
			);
			name = TodoApp;
			productName = TodoApp;
			productReference = 19D799972755768D00A5F72D /* TodoApp.app */;
			productType = "com.apple.product-type.application";
		};
/* End PBXNativeTarget section */

/* Begin PBXProject section */
		19D7998F2755768D00A5F72D /* Project object */ = {
			isa = PBXProject;
			attributes = {
				BuildIndependentTargetsInParallel = 1;
				LastSwiftUpdateCheck = 1310;
				LastUpgradeCheck = 1310;
				TargetAttributes = {
					19D799962755768D00A5F72D = {
						CreatedOnToolsVersion = 13.1;
					};
				};
			};
			buildConfigurationList = 19D799922755768D00A5F72D /* Build configuration list for PBXProject "TodoApp" */;
			compatibilityVersion = "Xcode 13.0";
			developmentRegion = en;
			hasScannedForEncodings = 0;
			knownRegions = (
				en,
				Base,
			);
			mainGroup = 19D7998E2755768D00A5F72D;
			productRefGroup = 19D799982755768D00A5F72D /* Products */;
			projectDirPath = "";
			projectRoot = "";
			targets = (
				19D799962755768D00A5F72D /* TodoApp */,
			);
		};
/* End PBXProject section */

/* Begin PBXResourcesBuildPhase section */
		19D799952755768D00A5F72D /* Resources */ = {
			isa = PBXResourcesBuildPhase;
			buildActionMask = 2147483647;
			files = (
				19D799A22755768E00A5F72D /* Preview Assets.xcassets in Resources */,
				19D7999F2755768E00A5F72D /* Assets.xcassets in Resources */,
			);
			runOnlyForDeploymentPostprocessing = 0;
		};
/* End PBXResourcesBuildPhase section */

/* Begin PBXSourcesBuildPhase section */
		19D799932755768D00A5F72D /* Sources */ = {
			isa = PBXSourcesBuildPhase;
			buildActionMask = 2147483647;
			files = (
				198174A12757E21D0025F5EB /* GameStoreScreen.swift in Sources */,
				19D7999D2755768D00A5F72D /* ContentView.swift in Sources */,
				1981749F2757E0920025F5EB /* GameStore.swift in Sources */,
				19D799B22755782400A5F72D /* ToDoList.swift in Sources */,
				1981749A2757D8140025F5EB /* RandomListScreen.swift in Sources */,
				19D799AE2755779900A5F72D /* ToDoModel.swift in Sources */,
				19D799B42755787600A5F72D /* AddToDo.swift in Sources */,
				19D799B0275577EA00A5F72D /* ToDoMain.swift in Sources */,
				198174982757D7050025F5EB /* RandomListStore.swift in Sources */,
				19D799AC2755770C00A5F72D /* ToDoStore.swift in Sources */,
				198174962757CF390025F5EB /* RandomListModel.swift in Sources */,
				1981749D2757DE1E0025F5EB /* File.swift in Sources */,
				19D7999B2755768D00A5F72D /* TodoAppApp.swift in Sources */,
			);
			runOnlyForDeploymentPostprocessing = 0;
		};
/* End PBXSourcesBuildPhase section */

/* Begin XCBuildConfiguration section */
		19D799A32755768E00A5F72D /* Debug */ = {
			isa = XCBuildConfiguration;
			buildSettings = {
				ALWAYS_SEARCH_USER_PATHS = NO;
				CLANG_ANALYZER_NONNULL = YES;
				CLANG_ANALYZER_NUMBER_OBJECT_CONVERSION = YES_AGGRESSIVE;
				CLANG_CXX_LANGUAGE_STANDARD = "gnu++17";
				CLANG_CXX_LIBRARY = "libc++";
				CLANG_ENABLE_MODULES = YES;
				CLANG_ENABLE_OBJC_ARC = YES;
				CLANG_ENABLE_OBJC_WEAK = YES;
				CLANG_WARN_BLOCK_CAPTURE_AUTORELEASING = YES;
				CLANG_WARN_BOOL_CONVERSION = YES;
				CLANG_WARN_COMMA = YES;
				CLANG_WARN_CONSTANT_CONVERSION = YES;
				CLANG_WARN_DEPRECATED_OBJC_IMPLEMENTATIONS = YES;
				CLANG_WARN_DIRECT_OBJC_ISA_USAGE = YES_ERROR;
				CLANG_WARN_DOCUMENTATION_COMMENTS = YES;
				CLANG_WARN_EMPTY_BODY = YES;
				CLANG_WARN_ENUM_CONVERSION = YES;
				CLANG_WARN_INFINITE_RECURSION = YES;
				CLANG_WARN_INT_CONVERSION = YES;
				CLANG_WARN_NON_LITERAL_NULL_CONVERSION = YES;
				CLANG_WARN_OBJC_IMPLICIT_RETAIN_SELF = YES;
				CLANG_WARN_OBJC_LITERAL_CONVERSION = YES;
				CLANG_WARN_OBJC_ROOT_CLASS = YES_ERROR;
				CLANG_WARN_QUOTED_INCLUDE_IN_FRAMEWORK_HEADER = YES;
				CLANG_WARN_RANGE_LOOP_ANALYSIS = YES;
				CLANG_WARN_STRICT_PROTOTYPES = YES;
				CLANG_WARN_SUSPICIOUS_MOVE = YES;
				CLANG_WARN_UNGUARDED_AVAILABILITY = YES_AGGRESSIVE;
				CLANG_WARN_UNREACHABLE_CODE = YES;
				CLANG_WARN__DUPLICATE_METHOD_MATCH = YES;
				COPY_PHASE_STRIP = NO;
				DEBUG_INFORMATION_FORMAT = dwarf;
				ENABLE_STRICT_OBJC_MSGSEND = YES;
				ENABLE_TESTABILITY = YES;
				GCC_C_LANGUAGE_STANDARD = gnu11;
				GCC_DYNAMIC_NO_PIC = NO;
				GCC_NO_COMMON_BLOCKS = YES;
				GCC_OPTIMIZATION_LEVEL = 0;
				GCC_PREPROCESSOR_DEFINITIONS = (
					"DEBUG=1",
					"$(inherited)",
				);
				GCC_WARN_64_TO_32_BIT_CONVERSION = YES;
				GCC_WARN_ABOUT_RETURN_TYPE = YES_ERROR;
				GCC_WARN_UNDECLARED_SELECTOR = YES;
				GCC_WARN_UNINITIALIZED_AUTOS = YES_AGGRESSIVE;
				GCC_WARN_UNUSED_FUNCTION = YES;
				GCC_WARN_UNUSED_VARIABLE = YES;
				IPHONEOS_DEPLOYMENT_TARGET = 15.0;
				MTL_ENABLE_DEBUG_INFO = INCLUDE_SOURCE;
				MTL_FAST_MATH = YES;
				ONLY_ACTIVE_ARCH = YES;
				SDKROOT = iphoneos;
				SWIFT_ACTIVE_COMPILATION_CONDITIONS = DEBUG;
				SWIFT_OPTIMIZATION_LEVEL = "-Onone";
			};
			name = Debug;
		};
		19D799A42755768E00A5F72D /* Release */ = {
			isa = XCBuildConfiguration;
			buildSettings = {
				ALWAYS_SEARCH_USER_PATHS = NO;
				CLANG_ANALYZER_NONNULL = YES;
				CLANG_ANALYZER_NUMBER_OBJECT_CONVERSION = YES_AGGRESSIVE;
				CLANG_CXX_LANGUAGE_STANDARD = "gnu++17";
				CLANG_CXX_LIBRARY = "libc++";
				CLANG_ENABLE_MODULES = YES;
				CLANG_ENABLE_OBJC_ARC = YES;
				CLANG_ENABLE_OBJC_WEAK = YES;
				CLANG_WARN_BLOCK_CAPTURE_AUTORELEASING = YES;
				CLANG_WARN_BOOL_CONVERSION = YES;
				CLANG_WARN_COMMA = YES;
				CLANG_WARN_CONSTANT_CONVERSION = YES;
				CLANG_WARN_DEPRECATED_OBJC_IMPLEMENTATIONS = YES;
				CLANG_WARN_DIRECT_OBJC_ISA_USAGE = YES_ERROR;
				CLANG_WARN_DOCUMENTATION_COMMENTS = YES;
				CLANG_WARN_EMPTY_BODY = YES;
				CLANG_WARN_ENUM_CONVERSION = YES;
				CLANG_WARN_INFINITE_RECURSION = YES;
				CLANG_WARN_INT_CONVERSION = YES;
				CLANG_WARN_NON_LITERAL_NULL_CONVERSION = YES;
				CLANG_WARN_OBJC_IMPLICIT_RETAIN_SELF = YES;
				CLANG_WARN_OBJC_LITERAL_CONVERSION = YES;
				CLANG_WARN_OBJC_ROOT_CLASS = YES_ERROR;
				CLANG_WARN_QUOTED_INCLUDE_IN_FRAMEWORK_HEADER = YES;
				CLANG_WARN_RANGE_LOOP_ANALYSIS = YES;
				CLANG_WARN_STRICT_PROTOTYPES = YES;
				CLANG_WARN_SUSPICIOUS_MOVE = YES;
				CLANG_WARN_UNGUARDED_AVAILABILITY = YES_AGGRESSIVE;
				CLANG_WARN_UNREACHABLE_CODE = YES;
				CLANG_WARN__DUPLICATE_METHOD_MATCH = YES;
				COPY_PHASE_STRIP = NO;
				DEBUG_INFORMATION_FORMAT = "dwarf-with-dsym";
				ENABLE_NS_ASSERTIONS = NO;
				ENABLE_STRICT_OBJC_MSGSEND = YES;
				GCC_C_LANGUAGE_STANDARD = gnu11;
				GCC_NO_COMMON_BLOCKS = YES;
				GCC_WARN_64_TO_32_BIT_CONVERSION = YES;
				GCC_WARN_ABOUT_RETURN_TYPE = YES_ERROR;
				GCC_WARN_UNDECLARED_SELECTOR = YES;
				GCC_WARN_UNINITIALIZED_AUTOS = YES_AGGRESSIVE;
				GCC_WARN_UNUSED_FUNCTION = YES;
				GCC_WARN_UNUSED_VARIABLE = YES;
				IPHONEOS_DEPLOYMENT_TARGET = 15.0;
				MTL_ENABLE_DEBUG_INFO = NO;
				MTL_FAST_MATH = YES;
				SDKROOT = iphoneos;
				SWIFT_COMPILATION_MODE = wholemodule;
				SWIFT_OPTIMIZATION_LEVEL = "-O";
				VALIDATE_PRODUCT = YES;
			};
			name = Release;
		};
		19D799A62755768E00A5F72D /* Debug */ = {
			isa = XCBuildConfiguration;
			buildSettings = {
				ASSETCATALOG_COMPILER_APPICON_NAME = AppIcon;
				ASSETCATALOG_COMPILER_GLOBAL_ACCENT_COLOR_NAME = AccentColor;
				CODE_SIGN_STYLE = Automatic;
				CURRENT_PROJECT_VERSION = 1;
				DEVELOPMENT_ASSET_PATHS = "\"TodoApp/Preview Content\"";
				DEVELOPMENT_TEAM = BA6M3VZU3M;
				ENABLE_PREVIEWS = YES;
				GENERATE_INFOPLIST_FILE = YES;
				INFOPLIST_KEY_UIApplicationSceneManifest_Generation = YES;
				INFOPLIST_KEY_UIApplicationSupportsIndirectInputEvents = YES;
				INFOPLIST_KEY_UILaunchScreen_Generation = YES;
				INFOPLIST_KEY_UISupportedInterfaceOrientations_iPad = "UIInterfaceOrientationPortrait UIInterfaceOrientationPortraitUpsideDown UIInterfaceOrientationLandscapeLeft UIInterfaceOrientationLandscapeRight";
				INFOPLIST_KEY_UISupportedInterfaceOrientations_iPhone = "UIInterfaceOrientationPortrait UIInterfaceOrientationLandscapeLeft UIInterfaceOrientationLandscapeRight";
				LD_RUNPATH_SEARCH_PATHS = (
					"$(inherited)",
					"@executable_path/Frameworks",
				);
				MARKETING_VERSION = 1.0;
				PRODUCT_BUNDLE_IDENTIFIER = burakcakir.TodoApp;
				PRODUCT_NAME = "$(TARGET_NAME)";
				SWIFT_EMIT_LOC_STRINGS = YES;
				SWIFT_VERSION = 5.0;
				TARGETED_DEVICE_FAMILY = "1,2";
			};
			name = Debug;
		};
		19D799A72755768E00A5F72D /* Release */ = {
			isa = XCBuildConfiguration;
			buildSettings = {
				ASSETCATALOG_COMPILER_APPICON_NAME = AppIcon;
				ASSETCATALOG_COMPILER_GLOBAL_ACCENT_COLOR_NAME = AccentColor;
				CODE_SIGN_STYLE = Automatic;
				CURRENT_PROJECT_VERSION = 1;
				DEVELOPMENT_ASSET_PATHS = "\"TodoApp/Preview Content\"";
				DEVELOPMENT_TEAM = BA6M3VZU3M;
				ENABLE_PREVIEWS = YES;
				GENERATE_INFOPLIST_FILE = YES;
				INFOPLIST_KEY_UIApplicationSceneManifest_Generation = YES;
				INFOPLIST_KEY_UIApplicationSupportsIndirectInputEvents = YES;
				INFOPLIST_KEY_UILaunchScreen_Generation = YES;
				INFOPLIST_KEY_UISupportedInterfaceOrientations_iPad = "UIInterfaceOrientationPortrait UIInterfaceOrientationPortraitUpsideDown UIInterfaceOrientationLandscapeLeft UIInterfaceOrientationLandscapeRight";
				INFOPLIST_KEY_UISupportedInterfaceOrientations_iPhone = "UIInterfaceOrientationPortrait UIInterfaceOrientationLandscapeLeft UIInterfaceOrientationLandscapeRight";
				LD_RUNPATH_SEARCH_PATHS = (
					"$(inherited)",
					"@executable_path/Frameworks",
				);
				MARKETING_VERSION = 1.0;
				PRODUCT_BUNDLE_IDENTIFIER = burakcakir.TodoApp;
				PRODUCT_NAME = "$(TARGET_NAME)";
				SWIFT_EMIT_LOC_STRINGS = YES;
				SWIFT_VERSION = 5.0;
				TARGETED_DEVICE_FAMILY = "1,2";
			};
			name = Release;
		};
/* End XCBuildConfiguration section */

/* Begin XCConfigurationList section */
		19D799922755768D00A5F72D /* Build configuration list for PBXProject "TodoApp" */ = {
			isa = XCConfigurationList;
			buildConfigurations = (
				19D799A32755768E00A5F72D /* Debug */,
				19D799A42755768E00A5F72D /* Release */,
			);
			defaultConfigurationIsVisible = 0;
			defaultConfigurationName = Release;
		};
		19D799A52755768E00A5F72D /* Build configuration list for PBXNativeTarget "TodoApp" */ = {
			isa = XCConfigurationList;
			buildConfigurations = (
				19D799A62755768E00A5F72D /* Debug */,
				19D799A72755768E00A5F72D /* Release */,
			);
			defaultConfigurationIsVisible = 0;
			defaultConfigurationName = Release;
		};
/* End XCConfigurationList section */
	};
	rootObject = 19D7998F2755768D00A5F72D /* Project object */;
}
